
Microsoft Visual Studio Solution File, Format Version 12.00
# Visual Studio 14
VisualStudioVersion = 14.0.25420.1
MinimumVisualStudioVersion = 10.0.40219.1
Project("{FAE04EC0-301F-11D3-BF4B-00C04F79EFBC}") = "DiousEPortal", "DiousEPortal\DiousEPortal.csproj", "{8296620E-9951-443F-9EE5-FCBEEC089789}"
	ProjectSection(ProjectDependencies) = postProject
		{88C41F31-BDC7-44AB-BBF5-9073DBBBBEBE} = {88C41F31-BDC7-44AB-BBF5-9073DBBBBEBE}
	EndProjectSection
EndProject
Project("{FAE04EC0-301F-11D3-BF4B-00C04F79EFBC}") = "EPortalCommom", "EPortalCommom\EPortalCommom.csproj", "{26C2D4F4-142B-4169-9ACC-EDF3F19164AA}"
EndProject
Project("{FAE04EC0-301F-11D3-BF4B-00C04F79EFBC}") = "EPortalBLL", "EPortalBLL\EPortalBLL.csproj", "{394A9E0F-A5D8-424D-AA14-10C94EEDE37E}"
EndProject
Project("{FAE04EC0-301F-11D3-BF4B-00C04F79EFBC}") = "EPortalDAL", "EPortalDAL\EPortalDAL.csproj", "{214CD513-012C-435D-8F4E-5A36DBC8BDA7}"
EndProject
Project("{FAE04EC0-301F-11D3-BF4B-00C04F79EFBC}") = "EPortalService", "EPortalService\EPortalService.csproj", "{88C41F31-BDC7-44AB-BBF5-9073DBBBBEBE}"
EndProject
Project("{FAE04EC0-301F-11D3-BF4B-00C04F79EFBC}") = "EPortalModel", "EPortalModel\EPortalModel.csproj", "{02BBA377-82AD-413E-8A72-9354276EE29F}"
EndProject
Project("{FAE04EC0-301F-11D3-BF4B-00C04F79EFBC}") = "EPortalAPIService", "EPortalAPIService\EPortalAPIService.csproj", "{02426CD5-9078-4390-A923-419A47F1B520}"
EndProject
Project("{54435603-DBB4-11D2-8724-00A0C9A8B90C}") = "EPortalSetup", "EPortalSetup\EPortalSetup.vdproj", "{94D82820-B883-4746-A02F-F6A9B5CCBF99}"
EndProject
Global
	GlobalSection(SolutionConfigurationPlatforms) = preSolution
		Debug|Any CPU = Debug|Any CPU
		Release|Any CPU = Release|Any CPU
	EndGlobalSection
	GlobalSection(ProjectConfigurationPlatforms) = postSolution
		{8296620E-9951-443F-9EE5-FCBEEC089789}.Debug|Any CPU.ActiveCfg = Debug|Any CPU
		{8296620E-9951-443F-9EE5-FCBEEC089789}.Debug|Any CPU.Build.0 = Debug|Any CPU
		{8296620E-9951-443F-9EE5-FCBEEC089789}.Release|Any CPU.ActiveCfg = Release|Any CPU
		{8296620E-9951-443F-9EE5-FCBEEC089789}.Release|Any CPU.Build.0 = Release|Any CPU
		{26C2D4F4-142B-4169-9ACC-EDF3F19164AA}.Debug|Any CPU.ActiveCfg = Debug|Any CPU
		{26C2D4F4-142B-4169-9ACC-EDF3F19164AA}.Debug|Any CPU.Build.0 = Debug|Any CPU
		{26C2D4F4-142B-4169-9ACC-EDF3F19164AA}.Release|Any CPU.ActiveCfg = Release|Any CPU
		{26C2D4F4-142B-4169-9ACC-EDF3F19164AA}.Release|Any CPU.Build.0 = Release|Any CPU
		{394A9E0F-A5D8-424D-AA14-10C94EEDE37E}.Debug|Any CPU.ActiveCfg = Debug|Any CPU
		{394A9E0F-A5D8-424D-AA14-10C94EEDE37E}.Debug|Any CPU.Build.0 = Debug|Any CPU
		{394A9E0F-A5D8-424D-AA14-10C94EEDE37E}.Release|Any CPU.ActiveCfg = Release|Any CPU
		{394A9E0F-A5D8-424D-AA14-10C94EEDE37E}.Release|Any CPU.Build.0 = Release|Any CPU
		{214CD513-012C-435D-8F4E-5A36DBC8BDA7}.Debug|Any CPU.ActiveCfg = Debug|Any CPU
		{214CD513-012C-435D-8F4E-5A36DBC8BDA7}.Debug|Any CPU.Build.0 = Debug|Any CPU
		{214CD513-012C-435D-8F4E-5A36DBC8BDA7}.Release|Any CPU.ActiveCfg = Release|Any CPU
		{214CD513-012C-435D-8F4E-5A36DBC8BDA7}.Release|Any CPU.Build.0 = Release|Any CPU
		{88C41F31-BDC7-44AB-BBF5-9073DBBBBEBE}.Debug|Any CPU.ActiveCfg = Debug|Any CPU
		{88C41F31-BDC7-44AB-BBF5-9073DBBBBEBE}.Debug|Any CPU.Build.0 = Debug|Any CPU
		{88C41F31-BDC7-44AB-BBF5-9073DBBBBEBE}.Release|Any CPU.ActiveCfg = Release|Any CPU
		{88C41F31-BDC7-44AB-BBF5-9073DBBBBEBE}.Release|Any CPU.Build.0 = Release|Any CPU
		{02BBA377-82AD-413E-8A72-9354276EE29F}.Debug|Any CPU.ActiveCfg = Debug|Any CPU
		{02BBA377-82AD-413E-8A72-9354276EE29F}.Debug|Any CPU.Build.0 = Debug|Any CPU
		{02BBA377-82AD-413E-8A72-9354276EE29F}.Release|Any CPU.ActiveCfg = Release|Any CPU
		{02BBA377-82AD-413E-8A72-9354276EE29F}.Release|Any CPU.Build.0 = Release|Any CPU
		{02426CD5-9078-4390-A923-419A47F1B520}.Debug|Any CPU.ActiveCfg = Debug|Any CPU
		{02426CD5-9078-4390-A923-419A47F1B520}.Debug|Any CPU.Build.0 = Debug|Any CPU
		{02426CD5-9078-4390-A923-419A47F1B520}.Release|Any CPU.ActiveCfg = Release|Any CPU
		{02426CD5-9078-4390-A923-419A47F1B520}.Release|Any CPU.Build.0 = Release|Any CPU
		{94D82820-B883-4746-A02F-F6A9B5CCBF99}.Debug|Any CPU.ActiveCfg = Debug
		{94D82820-B883-4746-A02F-F6A9B5CCBF99}.Release|Any CPU.ActiveCfg = Release
	EndGlobalSection
	GlobalSection(SolutionProperties) = preSolution
		HideSolutionNode = FALSE
	EndGlobalSection
EndGlobal
